evaluate:
  cmd: python -m spacy run evaluate
  script:
    - python -m spacy evaluate training/model-best corpus/ler_eval.spacy --output
      training/metrics.json
  deps:
    - path: corpus/ler_eval.spacy
      md5: 160ac50e12072cd5a8486952903224ae
    - path: training/model-best
      md5: 9726f9f47a1abe36faff57983f0ed026
  outs:
    - path: training/metrics.json
      md5: f75a4ce9258174be9c3bf110287f5310
  spacy_version: 3.3.1
  spacy_git_version: 5fb597f77
train:
  cmd: python -m spacy run train
  script:
    - python -m spacy train configs/config_trf.cfg --output training_ner_ler_trf_a100/
      --paths.train corpus/ler_training.spacy --paths.dev corpus/ler_eval.spacy --gpu-id
      1
  deps:
    - path: corpus/ler_training.spacy
      md5: c85f226b263b3b9a7db34d1a960de4cf
    - path: corpus/ler_eval.spacy
      md5: bcaeab928b0e9f01d44c09436c312681
  outs:
    - path: training_ner_ler_trf_a100/model-best
      md5: 2edd0f8f153d9f923a44d43945afc1af
  spacy_version: 3.4.1
  spacy_git_version: Unknown
package:
  cmd: python -m spacy run package
  script:
    - python -m spacy package training/model-best packages --name ner_ler_tok2vec
      --version 0.0.0 --force
  deps:
    - path: training/model-best
      md5: 3d83b408d5adabd245400d4d523e84cb
  outs:
    - path: packages/en_ner_ler_tok2vec-0.0.0/dist/en_ner_ler_tok2vec-0.0.0.tar.gz
      md5: 56495682ac82d4cdc51770d54b1b3f90
>>>>>>> 23efb6b5524b68b8e2a800034139fb5278fcbdba
  spacy_version: 3.4.1
  spacy_git_version: Unknown
